// !$*UTF8*$!
{
	archiveVersion = 1;
	classes = {
	};
	objectVersion = 46;
	objects = {

/* Begin PBXBuildFile section */
		3817ED0E1DC682E60050045C /* AppDelegate.swift in Sources */ = {isa = PBXBuildFile; fileRef = 3817ED0D1DC682E60050045C /* AppDelegate.swift */; };
		3817ED101DC682E60050045C /* ViewController.swift in Sources */ = {isa = PBXBuildFile; fileRef = 3817ED0F1DC682E60050045C /* ViewController.swift */; };
		3817ED131DC682E60050045C /* Main.storyboard in Resources */ = {isa = PBXBuildFile; fileRef = 3817ED111DC682E60050045C /* Main.storyboard */; };
		3817ED151DC682E60050045C /* Assets.xcassets in Resources */ = {isa = PBXBuildFile; fileRef = 3817ED141DC682E60050045C /* Assets.xcassets */; };
		3817ED181DC682E60050045C /* LaunchScreen.storyboard in Resources */ = {isa = PBXBuildFile; fileRef = 3817ED161DC682E60050045C /* LaunchScreen.storyboard */; };
		3817ED201DC684D30050045C /* ArticleCell.swift in Sources */ = {isa = PBXBuildFile; fileRef = 3817ED1F1DC684D30050045C /* ArticleCell.swift */; };
		3817ED221DC6856E0050045C /* Article.swift in Sources */ = {isa = PBXBuildFile; fileRef = 3817ED211DC6856E0050045C /* Article.swift */; };
		AF0730851E79B9B300303220 /* WebviewViewController.swift in Sources */ = {isa = PBXBuildFile; fileRef = AF0730841E79B9B300303220 /* WebviewViewController.swift */; };
		AF0730871E7A847600303220 /* MenuManager.swift in Sources */ = {isa = PBXBuildFile; fileRef = AF0730861E7A847600303220 /* MenuManager.swift */; };
		AF0730891E7A903300303220 /* BaseCell.xib in Resources */ = {isa = PBXBuildFile; fileRef = AF0730881E7A903300303220 /* BaseCell.xib */; };
		AF07308B1E7A93FD00303220 /* BaseViewCell.swift in Sources */ = {isa = PBXBuildFile; fileRef = AF07308A1E7A93FD00303220 /* BaseViewCell.swift */; };
/* End PBXBuildFile section */

/* Begin PBXFileReference section */
		3817ED0A1DC682E60050045C /* newsReader.app */ = {isa = PBXFileReference; explicitFileType = wrapper.application; includeInIndex = 0; path = newsReader.app; sourceTree = BUILT_PRODUCTS_DIR; };
		3817ED0D1DC682E60050045C /* AppDelegate.swift */ = {isa = PBXFileReference; lastKnownFileType = sourcecode.swift; path = AppDelegate.swift; sourceTree = "<group>"; };
		3817ED0F1DC682E60050045C /* ViewController.swift */ = {isa = PBXFileReference; lastKnownFileType = sourcecode.swift; path = ViewController.swift; sourceTree = "<group>"; };
		3817ED121DC682E60050045C /* Base */ = {isa = PBXFileReference; lastKnownFileType = file.storyboard; name = Base; path = Base.lproj/Main.storyboard; sourceTree = "<group>"; };
		3817ED141DC682E60050045C /* Assets.xcassets */ = {isa = PBXFileReference; lastKnownFileType = folder.assetcatalog; path = Assets.xcassets; sourceTree = "<group>"; };
		3817ED171DC682E60050045C /* Base */ = {isa = PBXFileReference; lastKnownFileType = file.storyboard; name = Base; path = Base.lproj/LaunchScreen.storyboard; sourceTree = "<group>"; };
		3817ED191DC682E60050045C /* Info.plist */ = {isa = PBXFileReference; lastKnownFileType = text.plist.xml; path = Info.plist; sourceTree = "<group>"; };
		3817ED1F1DC684D30050045C /* ArticleCell.swift */ = {isa = PBXFileReference; fileEncoding = 4; lastKnownFileType = sourcecode.swift; path = ArticleCell.swift; sourceTree = "<group>"; };
		3817ED211DC6856E0050045C /* Article.swift */ = {isa = PBXFileReference; fileEncoding = 4; lastKnownFileType = sourcecode.swift; path = Article.swift; sourceTree = "<group>"; };
		AF0730841E79B9B300303220 /* WebviewViewController.swift */ = {isa = PBXFileReference; fileEncoding = 4; lastKnownFileType = sourcecode.swift; name = WebviewViewController.swift; path = ../WebviewViewController.swift; sourceTree = "<group>"; };
		AF0730861E7A847600303220 /* MenuManager.swift */ = {isa = PBXFileReference; fileEncoding = 4; lastKnownFileType = sourcecode.swift; path = MenuManager.swift; sourceTree = "<group>"; };
		AF0730881E7A903300303220 /* BaseCell.xib */ = {isa = PBXFileReference; fileEncoding = 4; lastKnownFileType = file.xib; path = BaseCell.xib; sourceTree = "<group>"; };
		AF07308A1E7A93FD00303220 /* BaseViewCell.swift */ = {isa = PBXFileReference; fileEncoding = 4; lastKnownFileType = sourcecode.swift; path = BaseViewCell.swift; sourceTree = "<group>"; };
/* End PBXFileReference section */

/* Begin PBXFrameworksBuildPhase section */
		3817ED071DC682E60050045C /* Frameworks */ = {
			isa = PBXFrameworksBuildPhase;
			buildActionMask = 2147483647;
			files = (
			);
			runOnlyForDeploymentPostprocessing = 0;
		};
/* End PBXFrameworksBuildPhase section */

/* Begin PBXGroup section */
		3817ED011DC682E60050045C = {
			isa = PBXGroup;
			children = (
				3817ED0C1DC682E60050045C /* newsReader */,
				3817ED0B1DC682E60050045C /* Products */,
			);
			sourceTree = "<group>";
		};
		3817ED0B1DC682E60050045C /* Products */ = {
			isa = PBXGroup;
			children = (
				3817ED0A1DC682E60050045C /* newsReader.app */,
			);
			name = Products;
			sourceTree = "<group>";
		};
		3817ED0C1DC682E60050045C /* newsReader */ = {
			isa = PBXGroup;
			children = (
				3817ED0D1DC682E60050045C /* AppDelegate.swift */,
				3817ED0F1DC682E60050045C /* ViewController.swift */,
				3817ED111DC682E60050045C /* Main.storyboard */,
				3817ED141DC682E60050045C /* Assets.xcassets */,
				3817ED161DC682E60050045C /* LaunchScreen.storyboard */,
				3817ED191DC682E60050045C /* Info.plist */,
				3817ED1F1DC684D30050045C /* ArticleCell.swift */,
				3817ED211DC6856E0050045C /* Article.swift */,
				AF0730841E79B9B300303220 /* WebviewViewController.swift */,
				AF0730861E7A847600303220 /* MenuManager.swift */,
				AF0730881E7A903300303220 /* BaseCell.xib */,
				AF07308A1E7A93FD00303220 /* BaseViewCell.swift */,
			);
			path = newsReader;
			sourceTree = "<group>";
		};
/* End PBXGroup section */

/* Begin PBXNativeTarget section */
		3817ED091DC682E60050045C /* newsReader */ = {
			isa = PBXNativeTarget;
			buildConfigurationList = 3817ED1C1DC682E60050045C /* Build configuration list for PBXNativeTarget "newsReader" */;
			buildPhases = (
				3817ED061DC682E60050045C /* Sources */,
				3817ED071DC682E60050045C /* Frameworks */,
				3817ED081DC682E60050045C /* Resources */,
			);
			buildRules = (
			);
			dependencies = (
			);
			name = newsReader;
			productName = newsReader;
			productReference = 3817ED0A1DC682E60050045C /* newsReader.app */;
			productType = "com.apple.product-type.application";
		};
/* End PBXNativeTarget section */

/* Begin PBXProject section */
		3817ED021DC682E60050045C /* Project object */ = {
			isa = PBXProject;
			attributes = {
				LastSwiftUpdateCheck = 0810;
				LastUpgradeCheck = 0810;
				ORGANIZATIONNAME = Nunev;
				TargetAttributes = {
					3817ED091DC682E60050045C = {
						CreatedOnToolsVersion = 8.1;
						DevelopmentTeam = VUPAPMB4RB;
						ProvisioningStyle = Automatic;
					};
				};
			};
			buildConfigurationList = 3817ED051DC682E60050045C /* Build configuration list for PBXProject "newsReader" */;
			compatibilityVersion = "Xcode 3.2";
			developmentRegion = English;
			hasScannedForEncodings = 0;
			knownRegions = (
				en,
				Base,
			);
			mainGroup = 3817ED011DC682E60050045C;
			productRefGroup = 3817ED0B1DC682E60050045C /* Products */;
			projectDirPath = "";
			projectRoot = "";
			targets = (
				3817ED091DC682E60050045C /* newsReader */,
			);
		};
/* End PBXProject section */

/* Begin PBXResourcesBuildPhase section */
		3817ED081DC682E60050045C /* Resources */ = {
			isa = PBXResourcesBuildPhase;
			buildActionMask = 2147483647;
			files = (
				AF0730891E7A903300303220 /* BaseCell.xib in Resources */,
				3817ED181DC682E60050045C /* LaunchScreen.storyboard in Resources */,
				3817ED151DC682E60050045C /* Assets.xcassets in Resources */,
				3817ED131DC682E60050045C /* Main.storyboard in Resources */,
			);
			runOnlyForDeploymentPostprocessing = 0;
		};
/* End PBXResourcesBuildPhase section */

/* Begin PBXSourcesBuildPhase section */
		3817ED061DC682E60050045C /* Sources */ = {
			isa = PBXSourcesBuildPhase;
			buildActionMask = 2147483647;
			files = (
				AF0730871E7A847600303220 /* MenuManager.swift in Sources */,
				AF07308B1E7A93FD00303220 /* BaseViewCell.swift in Sources */,
				3817ED221DC6856E0050045C /* Article.swift in Sources */,
				AF0730851E79B9B300303220 /* WebviewViewController.swift in Sources */,
				3817ED101DC682E60050045C /* ViewController.swift in Sources */,
				3817ED0E1DC682E60050045C /* AppDelegate.swift in Sources */,
				3817ED201DC684D30050045C /* ArticleCell.swift in Sources */,
			);
			runOnlyForDeploymentPostprocessing = 0;
		};
/* End PBXSourcesBuildPhase section */

/* Begin PBXVariantGroup section */
		3817ED111DC682E60050045C /* Main.storyboard */ = {
			isa = PBXVariantGroup;
			children = (
				3817ED121DC682E60050045C /* Base */,
			);
			name = Main.storyboard;
			sourceTree = "<group>";
		};
		3817ED161DC682E60050045C /* LaunchScreen.storyboard */ = {
			isa = PBXVariantGroup;
			children = (
				3817ED171DC682E60050045C /* Base */,
			);
			name = LaunchScreen.storyboard;
			sourceTree = "<group>";
		};
/* End PBXVariantGroup section */

/* Begin XCBuildConfiguration section */
		3817ED1A1DC682E60050045C /* Debug */ = {
			isa = XCBuildConfiguration;
			buildSettings = {
				ALWAYS_SEARCH_USER_PATHS = NO;
				CLANG_ANALYZER_NONNULL = YES;
				CLANG_CXX_LANGUAGE_STANDARD = "gnu++0x";
				CLANG_CXX_LIBRARY = "libc++";
				CLANG_ENABLE_MODULES = YES;
				CLANG_ENABLE_OBJC_ARC = YES;
				CLANG_WARN_BOOL_CONVERSION = YES;
				CLANG_WARN_CONSTANT_CONVERSION = YES;
				CLANG_WARN_DIRECT_OBJC_ISA_USAGE = YES_ERROR;
				CLANG_WARN_DOCUMENTATION_COMMENTS = YES;
				CLANG_WARN_EMPTY_BODY = YES;
				CLANG_WARN_ENUM_CONVERSION = YES;
				CLANG_WARN_INFINITE_RECURSION = YES;
				CLANG_WARN_INT_CONVERSION = YES;
				CLANG_WARN_OBJC_ROOT_CLASS = YES_ERROR;
				CLANG_WARN_SUSPICIOUS_MOVES = YES;
				CLANG_WARN_UNREACHABLE_CODE = YES;
				CLANG_WARN__DUPLICATE_METHOD_MATCH = YES;
				"CODE_SIGN_IDENTITY[sdk=iphoneos*]" = "iPhone Developer";
				COPY_PHASE_STRIP = NO;
				DEBUG_INFORMATION_FORMAT = dwarf;
				ENABLE_STRICT_OBJC_MSGSEND = YES;
				ENABLE_TESTABILITY = YES;
				GCC_C_LANGUAGE_STANDARD = gnu99;
				GCC_DYNAMIC_NO_PIC = NO;
				GCC_NO_COMMON_BLOCKS = YES;
				GCC_OPTIMIZATION_LEVEL = 0;
				GCC_PREPROCESSOR_DEFINITIONS = (
					"DEBUG=1",
					"$(inherited)",
				);
				GCC_WARN_64_TO_32_BIT_CONVERSION = YES;
				GCC_WARN_ABOUT_RETURN_TYPE = YES_ERROR;
				GCC_WARN_UNDECLARED_SELECTOR = YES;
				GCC_WARN_UNINITIALIZED_AUTOS = YES_AGGRESSIVE;
				GCC_WARN_UNUSED_FUNCTION = YES;
				GCC_WARN_UNUSED_VARIABLE = YES;
				IPHONEOS_DEPLOYMENT_TARGET = 10.1;
				MTL_ENABLE_DEBUG_INFO = YES;
				ONLY_ACTIVE_ARCH = YES;
				SDKROOT = iphoneos;
				SWIFT_ACTIVE_COMPILATION_CONDITIONS = DEBUG;
				SWIFT_OPTIMIZATION_LEVEL = "-Onone";
				TARGETED_DEVICE_FAMILY = "1,2";
			};
			name = Debug;
		};
		3817ED1B1DC682E60050045C /* Release */ = {
			isa = XCBuildConfiguration;
			buildSettings = {
				ALWAYS_SEARCH_USER_PATHS = NO;
				CLANG_ANALYZER_NONNULL = YES;
				CLANG_CXX_LANGUAGE_STANDARD = "gnu++0x";
				CLANG_CXX_LIBRARY = "libc++";
				CLANG_ENABLE_MODULES = YES;
				CLANG_ENABLE_OBJC_ARC = YES;
				CLANG_WARN_BOOL_CONVERSION = YES;
				CLANG_WARN_CONSTANT_CONVERSION = YES;
				CLANG_WARN_DIRECT_OBJC_ISA_USAGE = YES_ERROR;
				CLANG_WARN_DOCUMENTATION_COMMENTS = YES;
				CLANG_WARN_EMPTY_BODY = YES;
				CLANG_WARN_ENUM_CONVERSION = YES;
				CLANG_WARN_INFINITE_RECURSION = YES;
				CLANG_WARN_INT_CONVERSION = YES;
				CLANG_WARN_OBJC_ROOT_CLASS = YES_ERROR;
				CLANG_WARN_SUSPICIOUS_MOVES = YES;
				CLANG_WARN_UNREACHABLE_CODE = YES;
				CLANG_WARN__DUPLICATE_METHOD_MATCH = YES;
				"CODE_SIGN_IDENTITY[sdk=iphoneos*]" = "iPhone Developer";
				COPY_PHASE_STRIP = NO;
				DEBUG_INFORMATION_FORMAT = "dwarf-with-dsym";
				ENABLE_NS_ASSERTIONS = NO;
				ENABLE_STRICT_OBJC_MSGSEND = YES;
				GCC_C_LANGUAGE_STANDARD = gnu99;
				GCC_NO_COMMON_BLOCKS = YES;
				GCC_WARN_64_TO_32_BIT_CONVERSION = YES;
				GCC_WARN_ABOUT_RETURN_TYPE = YES_ERROR;
				GCC_WARN_UNDECLARED_SELECTOR = YES;
				GCC_WARN_UNINITIALIZED_AUTOS = YES_AGGRESSIVE;
				GCC_WARN_UNUSED_FUNCTION = YES;
				GCC_WARN_UNUSED_VARIABLE = YES;
				IPHONEOS_DEPLOYMENT_TARGET = 10.1;
				MTL_ENABLE_DEBUG_INFO = NO;
				SDKROOT = iphoneos;
				SWIFT_OPTIMIZATION_LEVEL = "-Owholemodule";
				TARGETED_DEVICE_FAMILY = "1,2";
				VALIDATE_PRODUCT = YES;
			};
			name = Release;
		};
		3817ED1D1DC682E60050045C /* Debug */ = {
			isa = XCBuildConfiguration;
			buildSettings = {
				ASSETCATALOG_COMPILER_APPICON_NAME = AppIcon;
				DEVELOPMENT_TEAM = VUPAPMB4RB;
				INFOPLIST_FILE = newsReader/Info.plist;
				LD_RUNPATH_SEARCH_PATHS = "$(inherited) @executable_path/Frameworks";
				PRODUCT_BUNDLE_IDENTIFIER = com.saeed.newsReader;
				PRODUCT_NAME = "$(TARGET_NAME)";
				SWIFT_VERSION = 3.0;
			};
			name = Debug;
		};
		3817ED1E1DC682E60050045C /* Release */ = {
			isa = XCBuildConfiguration;
			buildSettings = {
				ASSETCATALOG_COMPILER_APPICON_NAME = AppIcon;
				DEVELOPMENT_TEAM = VUPAPMB4RB;
				INFOPLIST_FILE = newsReader/Info.plist;
				LD_RUNPATH_SEARCH_PATHS = "$(inherited) @executable_path/Frameworks";
				PRODUCT_BUNDLE_IDENTIFIER = com.saeed.newsReader;
				PRODUCT_NAME = "$(TARGET_NAME)";
				SWIFT_VERSION = 3.0;
			};
			name = Release;
		};
/* End XCBuildConfiguration section */

/* Begin XCConfigurationList section */
		3817ED051DC682E60050045C /* Build configuration list for PBXProject "newsReader" */ = {
			isa = XCConfigurationList;
			buildConfigurations = (
				3817ED1A1DC682E60050045C /* Debug */,
				3817ED1B1DC682E60050045C /* Release */,
			);
			defaultConfigurationIsVisible = 0;
			defaultConfigurationName = Release;
		};
		3817ED1C1DC682E60050045C /* Build configuration list for PBXNativeTarget "newsReader" */ = {
			isa = XCConfigurationList;
			buildConfigurations = (
				3817ED1D1DC682E60050045C /* Debug */,
				3817ED1E1DC682E60050045C /* Release */,
			);
			defaultConfigurationIsVisible = 0;
			defaultConfigurationName = Release;
		};
/* End XCConfigurationList section */
	};
	rootObject = 3817ED021DC682E60050045C /* Project object */;
}
